
Microsoft Visual Studio Solution File, Format Version 12.00
# Visual Studio Version 17
VisualStudioVersion = 17.1.32421.90
MinimumVisualStudioVersion = 10.0.40219.1
Project("{FAE04EC0-301F-11D3-BF4B-00C04F79EFBC}") = "CodeJam.Main", "CodeJam.Main\CodeJam.Main.csproj", "{B5D377B0-353C-402E-8711-A780B7426BEF}"
EndProject
Project("{FAE04EC0-301F-11D3-BF4B-00C04F79EFBC}") = "CodeJam.Main.UnitTests", "CodeJam.Main.UnitTests\CodeJam.Main.UnitTests.csproj", "{0DDE8B17-D74F-464F-90D5-2B6EDDEC3ACC}"
EndProject
Global
	GlobalSection(SolutionConfigurationPlatforms) = preSolution
		Debug|Any CPU = Debug|Any CPU
		Release|Any CPU = Release|Any CPU
	EndGlobalSection
	GlobalSection(ProjectConfigurationPlatforms) = postSolution
		{B5D377B0-353C-402E-8711-A780B7426BEF}.Debug|Any CPU.ActiveCfg = Debug|Any CPU
		{B5D377B0-353C-402E-8711-A780B7426BEF}.Debug|Any CPU.Build.0 = Debug|Any CPU
		{B5D377B0-353C-402E-8711-A780B7426BEF}.Release|Any CPU.ActiveCfg = Release|Any CPU
		{B5D377B0-353C-402E-8711-A780B7426BEF}.Release|Any CPU.Build.0 = Release|Any CPU
		{0DDE8B17-D74F-464F-90D5-2B6EDDEC3ACC}.Debug|Any CPU.ActiveCfg = Debug|Any CPU
		{0DDE8B17-D74F-464F-90D5-2B6EDDEC3ACC}.Debug|Any CPU.Build.0 = Debug|Any CPU
		{0DDE8B17-D74F-464F-90D5-2B6EDDEC3ACC}.Release|Any CPU.ActiveCfg = Release|Any CPU
		{0DDE8B17-D74F-464F-90D5-2B6EDDEC3ACC}.Release|Any CPU.Build.0 = Release|Any CPU
	EndGlobalSection
	GlobalSection(SolutionProperties) = preSolution
		HideSolutionNode = FALSE
	EndGlobalSection
	GlobalSection(ExtensibilityGlobals) = postSolution
		SolutionGuid = {1246D711-3805-450B-BD43-8E84B00AA26D}
	EndGlobalSection
EndGlobal
